
Microsoft Visual Studio Solution File, Format Version 12.00
Project("{FAE04EC0-301F-11D3-BF4B-00C04F79EFBC}") = "ScSoMeBlazorServer", "ScSoMeBlazorServer\ScSoMeBlazorServer.csproj", "{385233FA-DCB1-4B04-849B-3D42AF30948D}"
EndProject
Global
	GlobalSection(SolutionConfigurationPlatforms) = preSolution
		Debug|Any CPU = Debug|Any CPU
		Release|Any CPU = Release|Any CPU
	EndGlobalSection
	GlobalSection(ProjectConfigurationPlatforms) = postSolution
		{385233FA-DCB1-4B04-849B-3D42AF30948D}.Debug|Any CPU.ActiveCfg = Debug|Any CPU
		{385233FA-DCB1-4B04-849B-3D42AF30948D}.Debug|Any CPU.Build.0 = Debug|Any CPU
		{385233FA-DCB1-4B04-849B-3D42AF30948D}.Release|Any CPU.ActiveCfg = Release|Any CPU
		{385233FA-DCB1-4B04-849B-3D42AF30948D}.Release|Any CPU.Build.0 = Release|Any CPU
	EndGlobalSection
EndGlobal
